
Microsoft Visual Studio Solution File, Format Version 12.00
# Visual Studio Version 17
VisualStudioVersion = 17.1.32210.238
MinimumVisualStudioVersion = 10.0.40219.1
Project("{FAE04EC0-301F-11D3-BF4B-00C04F79EFBC}") = "SantiagoSarabia-Practice4", "SantiagoSarabia-Practice4\SantiagoSarabia-Practice4.csproj", "{6A4A34E1-F07D-4334-8925-C5A515EA1858}"
EndProject
Global
	GlobalSection(SolutionConfigurationPlatforms) = preSolution
		Debug|Any CPU = Debug|Any CPU
		Release|Any CPU = Release|Any CPU
	EndGlobalSection
	GlobalSection(ProjectConfigurationPlatforms) = postSolution
		{6A4A34E1-F07D-4334-8925-C5A515EA1858}.Debug|Any CPU.ActiveCfg = Debug|Any CPU
		{6A4A34E1-F07D-4334-8925-C5A515EA1858}.Debug|Any CPU.Build.0 = Debug|Any CPU
		{6A4A34E1-F07D-4334-8925-C5A515EA1858}.Release|Any CPU.ActiveCfg = Release|Any CPU
		{6A4A34E1-F07D-4334-8925-C5A515EA1858}.Release|Any CPU.Build.0 = Release|Any CPU
	EndGlobalSection
	GlobalSection(SolutionProperties) = preSolution
		HideSolutionNode = FALSE
	EndGlobalSection
	GlobalSection(ExtensibilityGlobals) = postSolution
		SolutionGuid = {CFCD8A08-55D8-4CA9-BFAD-B02023F58C18}
	EndGlobalSection
EndGlobal
